
Microsoft Visual Studio Solution File, Format Version 12.00
# Visual Studio Version 17
VisualStudioVersion = 17.4.33403.182
MinimumVisualStudioVersion = 10.0.40219.1
Project("{FAE04EC0-301F-11D3-BF4B-00C04F79EFBC}") = "TestAppBusyLight", "TestAppBusyLight\TestAppBusyLight.csproj", "{ED08C500-59F9-4DE3-8506-1F19E3399AF3}"
EndProject
Global
	GlobalSection(SolutionConfigurationPlatforms) = preSolution
		Debug|Any CPU = Debug|Any CPU
		Release|Any CPU = Release|Any CPU
	EndGlobalSection
	GlobalSection(ProjectConfigurationPlatforms) = postSolution
		{ED08C500-59F9-4DE3-8506-1F19E3399AF3}.Debug|Any CPU.ActiveCfg = Debug|Any CPU
		{ED08C500-59F9-4DE3-8506-1F19E3399AF3}.Debug|Any CPU.Build.0 = Debug|Any CPU
		{ED08C500-59F9-4DE3-8506-1F19E3399AF3}.Release|Any CPU.ActiveCfg = Release|Any CPU
		{ED08C500-59F9-4DE3-8506-1F19E3399AF3}.Release|Any CPU.Build.0 = Release|Any CPU
	EndGlobalSection
	GlobalSection(SolutionProperties) = preSolution
		HideSolutionNode = FALSE
	EndGlobalSection
	GlobalSection(ExtensibilityGlobals) = postSolution
		SolutionGuid = {54FD8BAB-48EC-4FB5-97C4-F193784F5908}
	EndGlobalSection
EndGlobal
